// !$*UTF8*$!
{
	archiveVersion = 1;
	classes = {
	};
	objectVersion = 50;
	objects = {

/* Begin PBXBuildFile section */
		42C4901323D53AFE00911B50 /* AppDelegate.swift in Sources */ = {isa = PBXBuildFile; fileRef = 42C4901223D53AFE00911B50 /* AppDelegate.swift */; };
		42C4901523D53AFE00911B50 /* SceneDelegate.swift in Sources */ = {isa = PBXBuildFile; fileRef = 42C4901423D53AFE00911B50 /* SceneDelegate.swift */; };
		42C4901723D53AFE00911B50 /* ViewController.swift in Sources */ = {isa = PBXBuildFile; fileRef = 42C4901623D53AFE00911B50 /* ViewController.swift */; };
		42C4901A23D53AFE00911B50 /* Main.storyboard in Resources */ = {isa = PBXBuildFile; fileRef = 42C4901823D53AFE00911B50 /* Main.storyboard */; };
		42C4901D23D53AFE00911B50 /* TasksToDo.xcdatamodeld in Sources */ = {isa = PBXBuildFile; fileRef = 42C4901B23D53AFE00911B50 /* TasksToDo.xcdatamodeld */; };
		42C4901F23D53B0000911B50 /* Assets.xcassets in Resources */ = {isa = PBXBuildFile; fileRef = 42C4901E23D53B0000911B50 /* Assets.xcassets */; };
		42C4902223D53B0000911B50 /* LaunchScreen.storyboard in Resources */ = {isa = PBXBuildFile; fileRef = 42C4902023D53B0000911B50 /* LaunchScreen.storyboard */; };
/* End PBXBuildFile section */

/* Begin PBXFileReference section */
		42C4900F23D53AFE00911B50 /* TasksToDo.app */ = {isa = PBXFileReference; explicitFileType = wrapper.application; includeInIndex = 0; path = TasksToDo.app; sourceTree = BUILT_PRODUCTS_DIR; };
		42C4901223D53AFE00911B50 /* AppDelegate.swift */ = {isa = PBXFileReference; lastKnownFileType = sourcecode.swift; path = AppDelegate.swift; sourceTree = "<group>"; };
		42C4901423D53AFE00911B50 /* SceneDelegate.swift */ = {isa = PBXFileReference; lastKnownFileType = sourcecode.swift; path = SceneDelegate.swift; sourceTree = "<group>"; };
		42C4901623D53AFE00911B50 /* ViewController.swift */ = {isa = PBXFileReference; lastKnownFileType = sourcecode.swift; path = ViewController.swift; sourceTree = "<group>"; };
		42C4901923D53AFE00911B50 /* Base */ = {isa = PBXFileReference; lastKnownFileType = file.storyboard; name = Base; path = Base.lproj/Main.storyboard; sourceTree = "<group>"; };
		42C4901C23D53AFE00911B50 /* TasksToDo.xcdatamodel */ = {isa = PBXFileReference; lastKnownFileType = wrapper.xcdatamodel; path = TasksToDo.xcdatamodel; sourceTree = "<group>"; };
		42C4901E23D53B0000911B50 /* Assets.xcassets */ = {isa = PBXFileReference; lastKnownFileType = folder.assetcatalog; path = Assets.xcassets; sourceTree = "<group>"; };
		42C4902123D53B0000911B50 /* Base */ = {isa = PBXFileReference; lastKnownFileType = file.storyboard; name = Base; path = Base.lproj/LaunchScreen.storyboard; sourceTree = "<group>"; };
		42C4902323D53B0000911B50 /* Info.plist */ = {isa = PBXFileReference; lastKnownFileType = text.plist.xml; path = Info.plist; sourceTree = "<group>"; };
/* End PBXFileReference section */

/* Begin PBXFrameworksBuildPhase section */
		42C4900C23D53AFE00911B50 /* Frameworks */ = {
			isa = PBXFrameworksBuildPhase;
			buildActionMask = 2147483647;
			files = (
			);
			runOnlyForDeploymentPostprocessing = 0;
		};
/* End PBXFrameworksBuildPhase section */

/* Begin PBXGroup section */
		42C4900623D53AFE00911B50 = {
			isa = PBXGroup;
			children = (
				42C4901123D53AFE00911B50 /* TasksToDo */,
				42C4901023D53AFE00911B50 /* Products */,
			);
			sourceTree = "<group>";
		};
		42C4901023D53AFE00911B50 /* Products */ = {
			isa = PBXGroup;
			children = (
				42C4900F23D53AFE00911B50 /* TasksToDo.app */,
			);
			name = Products;
			sourceTree = "<group>";
		};
		42C4901123D53AFE00911B50 /* TasksToDo */ = {
			isa = PBXGroup;
			children = (
				42C4901223D53AFE00911B50 /* AppDelegate.swift */,
				42C4901423D53AFE00911B50 /* SceneDelegate.swift */,
				42C4901623D53AFE00911B50 /* ViewController.swift */,
				42C4901823D53AFE00911B50 /* Main.storyboard */,
				42C4901E23D53B0000911B50 /* Assets.xcassets */,
				42C4902023D53B0000911B50 /* LaunchScreen.storyboard */,
				42C4902323D53B0000911B50 /* Info.plist */,
				42C4901B23D53AFE00911B50 /* TasksToDo.xcdatamodeld */,
			);
			path = TasksToDo;
			sourceTree = "<group>";
		};
/* End PBXGroup section */

/* Begin PBXNativeTarget section */
		42C4900E23D53AFE00911B50 /* TasksToDo */ = {
			isa = PBXNativeTarget;
			buildConfigurationList = 42C4902623D53B0000911B50 /* Build configuration list for PBXNativeTarget "TasksToDo" */;
			buildPhases = (
				42C4900B23D53AFE00911B50 /* Sources */,
				42C4900C23D53AFE00911B50 /* Frameworks */,
				42C4900D23D53AFE00911B50 /* Resources */,
			);
			buildRules = (
			);
			dependencies = (
			);
			name = TasksToDo;
			productName = TasksToDo;
			productReference = 42C4900F23D53AFE00911B50 /* TasksToDo.app */;
			productType = "com.apple.product-type.application";
		};
/* End PBXNativeTarget section */

/* Begin PBXProject section */
		42C4900723D53AFE00911B50 /* Project object */ = {
			isa = PBXProject;
			attributes = {
				LastSwiftUpdateCheck = 1130;
				LastUpgradeCheck = 1130;
				ORGANIZATIONNAME = "Evneet kaur";
				TargetAttributes = {
					42C4900E23D53AFE00911B50 = {
						CreatedOnToolsVersion = 11.3;
					};
				};
			};
			buildConfigurationList = 42C4900A23D53AFE00911B50 /* Build configuration list for PBXProject "TasksToDo" */;
			compatibilityVersion = "Xcode 9.3";
			developmentRegion = en;
			hasScannedForEncodings = 0;
			knownRegions = (
				en,
				Base,
			);
			mainGroup = 42C4900623D53AFE00911B50;
			productRefGroup = 42C4901023D53AFE00911B50 /* Products */;
			projectDirPath = "";
			projectRoot = "";
			targets = (
				42C4900E23D53AFE00911B50 /* TasksToDo */,
			);
		};
/* End PBXProject section */

/* Begin PBXResourcesBuildPhase section */
		42C4900D23D53AFE00911B50 /* Resources */ = {
			isa = PBXResourcesBuildPhase;
			buildActionMask = 2147483647;
			files = (
				42C4902223D53B0000911B50 /* LaunchScreen.storyboard in Resources */,
				42C4901F23D53B0000911B50 /* Assets.xcassets in Resources */,
				42C4901A23D53AFE00911B50 /* Main.storyboard in Resources */,
			);
			runOnlyForDeploymentPostprocessing = 0;
		};
/* End PBXResourcesBuildPhase section */

/* Begin PBXSourcesBuildPhase section */
		42C4900B23D53AFE00911B50 /* Sources */ = {
			isa = PBXSourcesBuildPhase;
			buildActionMask = 2147483647;
			files = (
				42C4901723D53AFE00911B50 /* ViewController.swift in Sources */,
				42C4901323D53AFE00911B50 /* AppDelegate.swift in Sources */,
				42C4901D23D53AFE00911B50 /* TasksToDo.xcdatamodeld in Sources */,
				42C4901523D53AFE00911B50 /* SceneDelegate.swift in Sources */,
			);
			runOnlyForDeploymentPostprocessing = 0;
		};
/* End PBXSourcesBuildPhase section */

/* Begin PBXVariantGroup section */
		42C4901823D53AFE00911B50 /* Main.storyboard */ = {
			isa = PBXVariantGroup;
			children = (
				42C4901923D53AFE00911B50 /* Base */,
			);
			name = Main.storyboard;
			sourceTree = "<group>";
		};
		42C4902023D53B0000911B50 /* LaunchScreen.storyboard */ = {
			isa = PBXVariantGroup;
			children = (
				42C4902123D53B0000911B50 /* Base */,
			);
			name = LaunchScreen.storyboard;
			sourceTree = "<group>";
		};
/* End PBXVariantGroup section */

/* Begin XCBuildConfiguration section */
		42C4902423D53B0000911B50 /* Debug */ = {
			isa = XCBuildConfiguration;
			buildSettings = {
				ALWAYS_SEARCH_USER_PATHS = NO;
				CLANG_ANALYZER_NONNULL = YES;
				CLANG_ANALYZER_NUMBER_OBJECT_CONVERSION = YES_AGGRESSIVE;
				CLANG_CXX_LANGUAGE_STANDARD = "gnu++14";
				CLANG_CXX_LIBRARY = "libc++";
				CLANG_ENABLE_MODULES = YES;
				CLANG_ENABLE_OBJC_ARC = YES;
				CLANG_ENABLE_OBJC_WEAK = YES;
				CLANG_WARN_BLOCK_CAPTURE_AUTORELEASING = YES;
				CLANG_WARN_BOOL_CONVERSION = YES;
				CLANG_WARN_COMMA = YES;
				CLANG_WARN_CONSTANT_CONVERSION = YES;
				CLANG_WARN_DEPRECATED_OBJC_IMPLEMENTATIONS = YES;
				CLANG_WARN_DIRECT_OBJC_ISA_USAGE = YES_ERROR;
				CLANG_WARN_DOCUMENTATION_COMMENTS = YES;
				CLANG_WARN_EMPTY_BODY = YES;
				CLANG_WARN_ENUM_CONVERSION = YES;
				CLANG_WARN_INFINITE_RECURSION = YES;
				CLANG_WARN_INT_CONVERSION = YES;
				CLANG_WARN_NON_LITERAL_NULL_CONVERSION = YES;
				CLANG_WARN_OBJC_IMPLICIT_RETAIN_SELF = YES;
				CLANG_WARN_OBJC_LITERAL_CONVERSION = YES;
				CLANG_WARN_OBJC_ROOT_CLASS = YES_ERROR;
				CLANG_WARN_RANGE_LOOP_ANALYSIS = YES;
				CLANG_WARN_STRICT_PROTOTYPES = YES;
				CLANG_WARN_SUSPICIOUS_MOVE = YES;
				CLANG_WARN_UNGUARDED_AVAILABILITY = YES_AGGRESSIVE;
				CLANG_WARN_UNREACHABLE_CODE = YES;
				CLANG_WARN__DUPLICATE_METHOD_MATCH = YES;
				COPY_PHASE_STRIP = NO;
				DEBUG_INFORMATION_FORMAT = dwarf;
				ENABLE_STRICT_OBJC_MSGSEND = YES;
				ENABLE_TESTABILITY = YES;
				GCC_C_LANGUAGE_STANDARD = gnu11;
				GCC_DYNAMIC_NO_PIC = NO;
				GCC_NO_COMMON_BLOCKS = YES;
				GCC_OPTIMIZATION_LEVEL = 0;
				GCC_PREPROCESSOR_DEFINITIONS = (
					"DEBUG=1",
					"$(inherited)",
				);
				GCC_WARN_64_TO_32_BIT_CONVERSION = YES;
				GCC_WARN_ABOUT_RETURN_TYPE = YES_ERROR;
				GCC_WARN_UNDECLARED_SELECTOR = YES;
				GCC_WARN_UNINITIALIZED_AUTOS = YES_AGGRESSIVE;
				GCC_WARN_UNUSED_FUNCTION = YES;
				GCC_WARN_UNUSED_VARIABLE = YES;
				IPHONEOS_DEPLOYMENT_TARGET = 13.2;
				MTL_ENABLE_DEBUG_INFO = INCLUDE_SOURCE;
				MTL_FAST_MATH = YES;
				ONLY_ACTIVE_ARCH = YES;
				SDKROOT = iphoneos;
				SWIFT_ACTIVE_COMPILATION_CONDITIONS = DEBUG;
				SWIFT_OPTIMIZATION_LEVEL = "-Onone";
			};
			name = Debug;
		};
		42C4902523D53B0000911B50 /* Release */ = {
			isa = XCBuildConfiguration;
			buildSettings = {
				ALWAYS_SEARCH_USER_PATHS = NO;
				CLANG_ANALYZER_NONNULL = YES;
				CLANG_ANALYZER_NUMBER_OBJECT_CONVERSION = YES_AGGRESSIVE;
				CLANG_CXX_LANGUAGE_STANDARD = "gnu++14";
				CLANG_CXX_LIBRARY = "libc++";
				CLANG_ENABLE_MODULES = YES;
				CLANG_ENABLE_OBJC_ARC = YES;
				CLANG_ENABLE_OBJC_WEAK = YES;
				CLANG_WARN_BLOCK_CAPTURE_AUTORELEASING = YES;
				CLANG_WARN_BOOL_CONVERSION = YES;
				CLANG_WARN_COMMA = YES;
				CLANG_WARN_CONSTANT_CONVERSION = YES;
				CLANG_WARN_DEPRECATED_OBJC_IMPLEMENTATIONS = YES;
				CLANG_WARN_DIRECT_OBJC_ISA_USAGE = YES_ERROR;
				CLANG_WARN_DOCUMENTATION_COMMENTS = YES;
				CLANG_WARN_EMPTY_BODY = YES;
				CLANG_WARN_ENUM_CONVERSION = YES;
				CLANG_WARN_INFINITE_RECURSION = YES;
				CLANG_WARN_INT_CONVERSION = YES;
				CLANG_WARN_NON_LITERAL_NULL_CONVERSION = YES;
				CLANG_WARN_OBJC_IMPLICIT_RETAIN_SELF = YES;
				CLANG_WARN_OBJC_LITERAL_CONVERSION = YES;
				CLANG_WARN_OBJC_ROOT_CLASS = YES_ERROR;
				CLANG_WARN_RANGE_LOOP_ANALYSIS = YES;
				CLANG_WARN_STRICT_PROTOTYPES = YES;
				CLANG_WARN_SUSPICIOUS_MOVE = YES;
				CLANG_WARN_UNGUARDED_AVAILABILITY = YES_AGGRESSIVE;
				CLANG_WARN_UNREACHABLE_CODE = YES;
				CLANG_WARN__DUPLICATE_METHOD_MATCH = YES;
				COPY_PHASE_STRIP = NO;
				DEBUG_INFORMATION_FORMAT = "dwarf-with-dsym";
				ENABLE_NS_ASSERTIONS = NO;
				ENABLE_STRICT_OBJC_MSGSEND = YES;
				GCC_C_LANGUAGE_STANDARD = gnu11;
				GCC_NO_COMMON_BLOCKS = YES;
				GCC_WARN_64_TO_32_BIT_CONVERSION = YES;
				GCC_WARN_ABOUT_RETURN_TYPE = YES_ERROR;
				GCC_WARN_UNDECLARED_SELECTOR = YES;
				GCC_WARN_UNINITIALIZED_AUTOS = YES_AGGRESSIVE;
				GCC_WARN_UNUSED_FUNCTION = YES;
				GCC_WARN_UNUSED_VARIABLE = YES;
				IPHONEOS_DEPLOYMENT_TARGET = 13.2;
				MTL_ENABLE_DEBUG_INFO = NO;
				MTL_FAST_MATH = YES;
				SDKROOT = iphoneos;
				SWIFT_COMPILATION_MODE = wholemodule;
				SWIFT_OPTIMIZATION_LEVEL = "-O";
				VALIDATE_PRODUCT = YES;
			};
			name = Release;
		};
		42C4902723D53B0000911B50 /* Debug */ = {
			isa = XCBuildConfiguration;
			buildSettings = {
				ASSETCATALOG_COMPILER_APPICON_NAME = AppIcon;
				CODE_SIGN_STYLE = Automatic;
				INFOPLIST_FILE = TasksToDo/Info.plist;
				LD_RUNPATH_SEARCH_PATHS = (
					"$(inherited)",
					"@executable_path/Frameworks",
				);
				PRODUCT_BUNDLE_IDENTIFIER = evneet.TasksToDo;
				PRODUCT_NAME = "$(TARGET_NAME)";
				SWIFT_VERSION = 5.0;
				TARGETED_DEVICE_FAMILY = "1,2";
			};
			name = Debug;
		};
		42C4902823D53B0000911B50 /* Release */ = {
			isa = XCBuildConfiguration;
			buildSettings = {
				ASSETCATALOG_COMPILER_APPICON_NAME = AppIcon;
				CODE_SIGN_STYLE = Automatic;
				INFOPLIST_FILE = TasksToDo/Info.plist;
				LD_RUNPATH_SEARCH_PATHS = (
					"$(inherited)",
					"@executable_path/Frameworks",
				);
				PRODUCT_BUNDLE_IDENTIFIER = evneet.TasksToDo;
				PRODUCT_NAME = "$(TARGET_NAME)";
				SWIFT_VERSION = 5.0;
				TARGETED_DEVICE_FAMILY = "1,2";
			};
			name = Release;
		};
/* End XCBuildConfiguration section */

/* Begin XCConfigurationList section */
		42C4900A23D53AFE00911B50 /* Build configuration list for PBXProject "TasksToDo" */ = {
			isa = XCConfigurationList;
			buildConfigurations = (
				42C4902423D53B0000911B50 /* Debug */,
				42C4902523D53B0000911B50 /* Release */,
			);
			defaultConfigurationIsVisible = 0;
			defaultConfigurationName = Release;
		};
		42C4902623D53B0000911B50 /* Build configuration list for PBXNativeTarget "TasksToDo" */ = {
			isa = XCConfigurationList;
			buildConfigurations = (
				42C4902723D53B0000911B50 /* Debug */,
				42C4902823D53B0000911B50 /* Release */,
			);
			defaultConfigurationIsVisible = 0;
			defaultConfigurationName = Release;
		};
/* End XCConfigurationList section */

/* Begin XCVersionGroup section */
		42C4901B23D53AFE00911B50 /* TasksToDo.xcdatamodeld */ = {
			isa = XCVersionGroup;
			children = (
				42C4901C23D53AFE00911B50 /* TasksToDo.xcdatamodel */,
			);
			currentVersion = 42C4901C23D53AFE00911B50 /* TasksToDo.xcdatamodel */;
			path = TasksToDo.xcdatamodeld;
			sourceTree = "<group>";
			versionGroupType = wrapper.xcdatamodel;
		};
/* End XCVersionGroup section */
	};
	rootObject = 42C4900723D53AFE00911B50 /* Project object */;
}
